{
  "name": "casl-combine",
  "version": "1.0.0",
  "lockfileVersion": 1,
  "requires": true,
  "dependencies": {
    "@casl/ability": {
      "version": "4.1.5",
      "resolved": "https://registry.npmjs.org/@casl/ability/-/ability-4.1.5.tgz",
      "integrity": "sha512-9nY2ear3CfCi0ckRZ4V6dRiy+f0wxj/aUPkelmGrZuEJusXfhROKahRHFGxXf5xLi3oA10SS/vbSLK4RAy7ttA==",
      "requires": {
        "sift": "^13.0.0"
      }
    },
    "sift": {
      "version": "13.1.10",
      "resolved": "https://registry.npmjs.org/sift/-/sift-13.1.10.tgz",
      "integrity": "sha512-Z+7ZMTbnmbuVCwER+8jNerXpuJNYsxFSZf1er8VUqF/qYdgTrG5o5TQ7C6nWDycQY/TA1pczVCj58y5RvrUtrA=="
    },
    "typescript": {
      "version": "3.9.6",
      "resolved": "https://registry.npmjs.org/typescript/-/typescript-3.9.6.tgz",
      "integrity": "sha512-Pspx3oKAPJtjNwE92YS05HQoY7z2SFyOpHo9MqJor3BXAGNaPUs83CuVp9VISFkSjyRfiTpmKuAYGJB7S7hOxw=="
    }
  }
}
